
Microsoft Visual Studio Solution File, Format Version 12.00
# Visual Studio 14
VisualStudioVersion = 14.0.24720.0
MinimumVisualStudioVersion = 10.0.40219.1
Project("{FAE04EC0-301F-11D3-BF4B-00C04F79EFBC}") = "Gavaghan.Geodesy", "Gavaghan.Geodesy\Gavaghan.Geodesy.csproj", "{FEF5CAD3-7F38-4801-849E-2F4F94607ABD}"
EndProject
Project("{FAE04EC0-301F-11D3-BF4B-00C04F79EFBC}") = "Gavaghan.Geodesy.Test", "Gavaghan.Geodesy.Test\Gavaghan.Geodesy.Test.csproj", "{8E5229A7-217B-4159-BB2A-1E81BA851540}"
EndProject
Project("{FAE04EC0-301F-11D3-BF4B-00C04F79EFBC}") = "Gavaghan.Geodesy.Example", "Gavaghan.Geodesy.Example\Gavaghan.Geodesy.Example.csproj", "{0942D5D9-4FF6-43DD-9D40-E34B32EC8D98}"
EndProject
Project("{2150E333-8FDC-42A3-9474-1A3956D46DE8}") = ".nuget", ".nuget", "{569F8921-BB74-4857-A01E-5B340ADA79AB}"
	ProjectSection(SolutionItems) = preProject
		.nuget\NuGet.Config = .nuget\NuGet.Config
		.nuget\NuGet.exe = .nuget\NuGet.exe
		.nuget\NuGet.targets = .nuget\NuGet.targets
	EndProjectSection
EndProject
Global
	GlobalSection(SolutionConfigurationPlatforms) = preSolution
		Debug20|Any CPU = Debug20|Any CPU
		Release20|Any CPU = Release20|Any CPU
		Debug35|Any CPU = Debug35|Any CPU
		Release35|Any CPU = Release35|Any CPU
		Debug40|Any CPU = Debug40|Any CPU
		Release40|Any CPU = Release40|Any CPU
		Debug45|Any CPU = Debug45|Any CPU
		Release45|Any CPU = Release45|Any CPU
		Debug46|Any CPU = Debug46|Any CPU
		Release46|Any CPU = Release46|Any CPU
	EndGlobalSection
	GlobalSection(ProjectConfigurationPlatforms) = postSolution
		{FEF5CAD3-7F38-4801-849E-2F4F94607ABD}.Debug20|Any CPU.ActiveCfg = Debug20|Any CPU
		{FEF5CAD3-7F38-4801-849E-2F4F94607ABD}.Debug20|Any CPU.Build.0 = Debug20|Any CPU
		{FEF5CAD3-7F38-4801-849E-2F4F94607ABD}.Release20|Any CPU.ActiveCfg = Release20|Any CPU
		{FEF5CAD3-7F38-4801-849E-2F4F94607ABD}.Release20|Any CPU.Build.0 = Release20|Any CPU
		{8E5229A7-217B-4159-BB2A-1E81BA851540}.Debug20|Any CPU.ActiveCfg = Debug20|Any CPU
		{8E5229A7-217B-4159-BB2A-1E81BA851540}.Debug20|Any CPU.Build.0 = Debug20|Any CPU
		{8E5229A7-217B-4159-BB2A-1E81BA851540}.Release20|Any CPU.ActiveCfg = Release20|Any CPU
		{8E5229A7-217B-4159-BB2A-1E81BA851540}.Release20|Any CPU.Build.0 = Release20|Any CPU
		{0942D5D9-4FF6-43DD-9D40-E34B32EC8D98}.Debug20|Any CPU.ActiveCfg = Debug20|Any CPU
		{0942D5D9-4FF6-43DD-9D40-E34B32EC8D98}.Debug20|Any CPU.Build.0 = Debug20|Any CPU
		{0942D5D9-4FF6-43DD-9D40-E34B32EC8D98}.Release20|Any CPU.ActiveCfg = Release20|Any CPU
		{0942D5D9-4FF6-43DD-9D40-E34B32EC8D98}.Release20|Any CPU.Build.0 = Release20|Any CPU
		{FEF5CAD3-7F38-4801-849E-2F4F94607ABD}.Debug35|Any CPU.ActiveCfg = Debug35|Any CPU
		{FEF5CAD3-7F38-4801-849E-2F4F94607ABD}.Debug35|Any CPU.Build.0 = Debug35|Any CPU
		{FEF5CAD3-7F38-4801-849E-2F4F94607ABD}.Release35|Any CPU.ActiveCfg = Release35|Any CPU
		{FEF5CAD3-7F38-4801-849E-2F4F94607ABD}.Release35|Any CPU.Build.0 = Release35|Any CPU
		{8E5229A7-217B-4159-BB2A-1E81BA851540}.Debug35|Any CPU.ActiveCfg = Debug35|Any CPU
		{8E5229A7-217B-4159-BB2A-1E81BA851540}.Debug35|Any CPU.Build.0 = Debug35|Any CPU
		{8E5229A7-217B-4159-BB2A-1E81BA851540}.Release35|Any CPU.ActiveCfg = Release35|Any CPU
		{8E5229A7-217B-4159-BB2A-1E81BA851540}.Release35|Any CPU.Build.0 = Release35|Any CPU
		{0942D5D9-4FF6-43DD-9D40-E34B32EC8D98}.Debug35|Any CPU.ActiveCfg = Debug35|Any CPU
		{0942D5D9-4FF6-43DD-9D40-E34B32EC8D98}.Debug35|Any CPU.Build.0 = Debug35|Any CPU
		{0942D5D9-4FF6-43DD-9D40-E34B32EC8D98}.Release35|Any CPU.ActiveCfg = Release35|Any CPU
		{0942D5D9-4FF6-43DD-9D40-E34B32EC8D98}.Release35|Any CPU.Build.0 = Release35|Any CPU
		{FEF5CAD3-7F38-4801-849E-2F4F94607ABD}.Debug40|Any CPU.ActiveCfg = Debug40|Any CPU
		{FEF5CAD3-7F38-4801-849E-2F4F94607ABD}.Debug40|Any CPU.Build.0 = Debug40|Any CPU
		{FEF5CAD3-7F38-4801-849E-2F4F94607ABD}.Release40|Any CPU.ActiveCfg = Release40|Any CPU
		{FEF5CAD3-7F38-4801-849E-2F4F94607ABD}.Release40|Any CPU.Build.0 = Release40|Any CPU
		{8E5229A7-217B-4159-BB2A-1E81BA851540}.Debug40|Any CPU.ActiveCfg = Debug40|Any CPU
		{8E5229A7-217B-4159-BB2A-1E81BA851540}.Debug40|Any CPU.Build.0 = Debug40|Any CPU
		{8E5229A7-217B-4159-BB2A-1E81BA851540}.Release40|Any CPU.ActiveCfg = Release40|Any CPU
		{8E5229A7-217B-4159-BB2A-1E81BA851540}.Release40|Any CPU.Build.0 = Release40|Any CPU
		{0942D5D9-4FF6-43DD-9D40-E34B32EC8D98}.Debug40|Any CPU.ActiveCfg = Debug40|Any CPU
		{0942D5D9-4FF6-43DD-9D40-E34B32EC8D98}.Debug40|Any CPU.Build.0 = Debug40|Any CPU
		{0942D5D9-4FF6-43DD-9D40-E34B32EC8D98}.Release40|Any CPU.ActiveCfg = Release40|Any CPU
		{0942D5D9-4FF6-43DD-9D40-E34B32EC8D98}.Release40|Any CPU.Build.0 = Release40|Any CPU
		{FEF5CAD3-7F38-4801-849E-2F4F94607ABD}.Debug45|Any CPU.ActiveCfg = Debug45|Any CPU
		{FEF5CAD3-7F38-4801-849E-2F4F94607ABD}.Debug45|Any CPU.Build.0 = Debug45|Any CPU
		{FEF5CAD3-7F38-4801-849E-2F4F94607ABD}.Release45|Any CPU.ActiveCfg = Release45|Any CPU
		{FEF5CAD3-7F38-4801-849E-2F4F94607ABD}.Release45|Any CPU.Build.0 = Release45|Any CPU
		{8E5229A7-217B-4159-BB2A-1E81BA851540}.Debug45|Any CPU.ActiveCfg = Debug45|Any CPU
		{8E5229A7-217B-4159-BB2A-1E81BA851540}.Debug45|Any CPU.Build.0 = Debug45|Any CPU
		{8E5229A7-217B-4159-BB2A-1E81BA851540}.Release45|Any CPU.ActiveCfg = Release45|Any CPU
		{8E5229A7-217B-4159-BB2A-1E81BA851540}.Release45|Any CPU.Build.0 = Release45|Any CPU
		{0942D5D9-4FF6-43DD-9D40-E34B32EC8D98}.Debug45|Any CPU.ActiveCfg = Debug45|Any CPU
		{0942D5D9-4FF6-43DD-9D40-E34B32EC8D98}.Debug45|Any CPU.Build.0 = Debug45|Any CPU
		{0942D5D9-4FF6-43DD-9D40-E34B32EC8D98}.Release45|Any CPU.ActiveCfg = Release45|Any CPU
		{0942D5D9-4FF6-43DD-9D40-E34B32EC8D98}.Release45|Any CPU.Build.0 = Release45|Any CPU
		{FEF5CAD3-7F38-4801-849E-2F4F94607ABD}.Debug46|Any CPU.ActiveCfg = Debug46|Any CPU
		{FEF5CAD3-7F38-4801-849E-2F4F94607ABD}.Debug46|Any CPU.Build.0 = Debug46|Any CPU
		{FEF5CAD3-7F38-4801-849E-2F4F94607ABD}.Release46|Any CPU.ActiveCfg = Release46|Any CPU
		{FEF5CAD3-7F38-4801-849E-2F4F94607ABD}.Release46|Any CPU.Build.0 = Release46|Any CPU
		{8E5229A7-217B-4159-BB2A-1E81BA851540}.Debug46|Any CPU.ActiveCfg = Debug46|Any CPU
		{8E5229A7-217B-4159-BB2A-1E81BA851540}.Debug46|Any CPU.Build.0 = Debug46|Any CPU
		{8E5229A7-217B-4159-BB2A-1E81BA851540}.Release46|Any CPU.ActiveCfg = Release46|Any CPU
		{8E5229A7-217B-4159-BB2A-1E81BA851540}.Release46|Any CPU.Build.0 = Release46|Any CPU
		{0942D5D9-4FF6-43DD-9D40-E34B32EC8D98}.Debug46|Any CPU.ActiveCfg = Debug46|Any CPU
		{0942D5D9-4FF6-43DD-9D40-E34B32EC8D98}.Debug46|Any CPU.Build.0 = Debug46|Any CPU
		{0942D5D9-4FF6-43DD-9D40-E34B32EC8D98}.Release46|Any CPU.ActiveCfg = Release46|Any CPU
		{0942D5D9-4FF6-43DD-9D40-E34B32EC8D98}.Release46|Any CPU.Build.0 = Release46|Any CPU
	EndGlobalSection
	GlobalSection(SolutionProperties) = preSolution
		HideSolutionNode = FALSE
	EndGlobalSection
EndGlobal
